
Microsoft Visual Studio Solution File, Format Version 12.00
# Visual Studio Version 17
VisualStudioVersion = 17.14.36429.23 d17.14
MinimumVisualStudioVersion = 10.0.40219.1
Project("{FAE04EC0-301F-11D3-BF4B-00C04F79EFBC}") = "NAVASCA_MauiverterApp", "NAVASCA_MauiverterApp.csproj", "{96E8C6FD-001B-466D-AEBA-86E9D206398A}"
EndProject
Global
	GlobalSection(SolutionConfigurationPlatforms) = preSolution
		Debug|Any CPU = Debug|Any CPU
		Release|Any CPU = Release|Any CPU
	EndGlobalSection
	GlobalSection(ProjectConfigurationPlatforms) = postSolution
		{96E8C6FD-001B-466D-AEBA-86E9D206398A}.Debug|Any CPU.ActiveCfg = Debug|Any CPU
		{96E8C6FD-001B-466D-AEBA-86E9D206398A}.Debug|Any CPU.Build.0 = Debug|Any CPU
		{96E8C6FD-001B-466D-AEBA-86E9D206398A}.Release|Any CPU.ActiveCfg = Release|Any CPU
		{96E8C6FD-001B-466D-AEBA-86E9D206398A}.Release|Any CPU.Build.0 = Release|Any CPU
	EndGlobalSection
	GlobalSection(SolutionProperties) = preSolution
		HideSolutionNode = FALSE
	EndGlobalSection
	GlobalSection(ExtensibilityGlobals) = postSolution
		SolutionGuid = {A565FCF1-24D6-4BBC-BE10-E75F703B1E46}
	EndGlobalSection
EndGlobal
